<Solution>
  <Folder Name="/src/">
    <Project Path="src/HouseholdFinance.Api/HouseholdFinance.Api.csproj" />
  </Folder>
  <Folder Name="/tests/">
    <Project Path="tests/HouseholdFinance.IntegrationTests/HouseholdFinance.IntegrationTests.csproj" />
    <Project Path="tests/HouseholdFinance.UnitTests/HouseholdFinance.UnitTests.csproj" />
  </Folder>
</Solution>
